
Microsoft Visual Studio Solution File, Format Version 12.00
# Visual Studio Version 16
VisualStudioVersion = 16.0.35706.149
MinimumVisualStudioVersion = 10.0.40219.1
Project("{FAE04EC0-301F-11D3-BF4B-00C04F79EFBC}") = "LML_Installer", "LML_Installer\LML_Installer.csproj", "{9A6BA734-7E5D-4ECD-8E20-397A375B2DEF}"
EndProject
Global
	GlobalSection(SolutionConfigurationPlatforms) = preSolution
		Debug|Any CPU = Debug|Any CPU
		Release|Any CPU = Release|Any CPU
	EndGlobalSection
	GlobalSection(ProjectConfigurationPlatforms) = postSolution
		{9A6BA734-7E5D-4ECD-8E20-397A375B2DEF}.Debug|Any CPU.ActiveCfg = Debug|Any CPU
		{9A6BA734-7E5D-4ECD-8E20-397A375B2DEF}.Debug|Any CPU.Build.0 = Debug|Any CPU
		{9A6BA734-7E5D-4ECD-8E20-397A375B2DEF}.Release|Any CPU.ActiveCfg = Release|Any CPU
		{9A6BA734-7E5D-4ECD-8E20-397A375B2DEF}.Release|Any CPU.Build.0 = Release|Any CPU
	EndGlobalSection
	GlobalSection(SolutionProperties) = preSolution
		HideSolutionNode = FALSE
	EndGlobalSection
	GlobalSection(ExtensibilityGlobals) = postSolution
		SolutionGuid = {7C994AE0-9A2E-4BFC-8EE1-4D6C7025B337}
	EndGlobalSection
EndGlobal
